
Microsoft Visual Studio Solution File, Format Version 12.00
# Visual Studio Version 17
VisualStudioVersion = 17.2.32602.215
MinimumVisualStudioVersion = 10.0.40219.1
Project("{FAE04EC0-301F-11D3-BF4B-00C04F79EFBC}") = "test4_2", "test4_2\test4_2.csproj", "{B53DB741-1060-4A62-A75C-3DE1C9BC2A77}"
EndProject
Global
	GlobalSection(SolutionConfigurationPlatforms) = preSolution
		Debug|Any CPU = Debug|Any CPU
		Release|Any CPU = Release|Any CPU
	EndGlobalSection
	GlobalSection(ProjectConfigurationPlatforms) = postSolution
		{B53DB741-1060-4A62-A75C-3DE1C9BC2A77}.Debug|Any CPU.ActiveCfg = Debug|Any CPU
		{B53DB741-1060-4A62-A75C-3DE1C9BC2A77}.Debug|Any CPU.Build.0 = Debug|Any CPU
		{B53DB741-1060-4A62-A75C-3DE1C9BC2A77}.Release|Any CPU.ActiveCfg = Release|Any CPU
		{B53DB741-1060-4A62-A75C-3DE1C9BC2A77}.Release|Any CPU.Build.0 = Release|Any CPU
	EndGlobalSection
	GlobalSection(SolutionProperties) = preSolution
		HideSolutionNode = FALSE
	EndGlobalSection
	GlobalSection(ExtensibilityGlobals) = postSolution
		SolutionGuid = {1BFDF098-3D36-45D0-8FDD-6D74AE157816}
	EndGlobalSection
EndGlobal
